
Microsoft Visual Studio Solution File, Format Version 12.00
# Visual Studio Version 16
VisualStudioVersion = 16.0.29728.190
MinimumVisualStudioVersion = 10.0.40219.1
Project("{FAE04EC0-301F-11D3-BF4B-00C04F79EFBC}") = "getProfiles", "getProfiles\getProfiles.csproj", "{5B9D30C7-3D32-4412-8CF0-1E5E424E66BB}"
EndProject
Global
	GlobalSection(SolutionConfigurationPlatforms) = preSolution
		Debug|Any CPU = Debug|Any CPU
		Release|Any CPU = Release|Any CPU
	EndGlobalSection
	GlobalSection(ProjectConfigurationPlatforms) = postSolution
		{5B9D30C7-3D32-4412-8CF0-1E5E424E66BB}.Debug|Any CPU.ActiveCfg = Debug|Any CPU
		{5B9D30C7-3D32-4412-8CF0-1E5E424E66BB}.Debug|Any CPU.Build.0 = Debug|Any CPU
		{5B9D30C7-3D32-4412-8CF0-1E5E424E66BB}.Release|Any CPU.ActiveCfg = Release|Any CPU
		{5B9D30C7-3D32-4412-8CF0-1E5E424E66BB}.Release|Any CPU.Build.0 = Release|Any CPU
	EndGlobalSection
	GlobalSection(SolutionProperties) = preSolution
		HideSolutionNode = FALSE
	EndGlobalSection
	GlobalSection(ExtensibilityGlobals) = postSolution
		SolutionGuid = {C28146F2-8C51-4762-A5D8-9CD856AB6AEC}
	EndGlobalSection
EndGlobal
